// !$*UTF8*$!
{
	archiveVersion = 1;
	classes = {
	};
	objectVersion = 46;
	objects = {

/* Begin PBXBuildFile section */
		A05375E81EB1636800645696 /* AppDelegate.swift in Sources */ = {isa = PBXBuildFile; fileRef = A05375DE1EB1636800645696 /* AppDelegate.swift */; };
		A05375E91EB1636800645696 /* Assets.xcassets in Resources */ = {isa = PBXBuildFile; fileRef = A05375DF1EB1636800645696 /* Assets.xcassets */; };
		A05375EA1EB1636800645696 /* LaunchScreen.storyboard in Resources */ = {isa = PBXBuildFile; fileRef = A05375E01EB1636800645696 /* LaunchScreen.storyboard */; };
		A05375EB1EB1636800645696 /* Main.storyboard in Resources */ = {isa = PBXBuildFile; fileRef = A05375E21EB1636800645696 /* Main.storyboard */; };
		A05375EC1EB1636800645696 /* Info.plist in Resources */ = {isa = PBXBuildFile; fileRef = A05375E41EB1636800645696 /* Info.plist */; };
		A05375ED1EB1636800645696 /* logo_opentok_registered.png in Resources */ = {isa = PBXBuildFile; fileRef = A05375E51EB1636800645696 /* logo_opentok_registered.png */; };
		A05375EE1EB1636800645696 /* ScreenCapturer.swift in Sources */ = {isa = PBXBuildFile; fileRef = A05375E61EB1636800645696 /* ScreenCapturer.swift */; };
		A05375EF1EB1636800645696 /* ViewController.swift in Sources */ = {isa = PBXBuildFile; fileRef = A05375E71EB1636800645696 /* ViewController.swift */; };
/* End PBXBuildFile section */

/* Begin PBXFileReference section */
		A05375DE1EB1636800645696 /* AppDelegate.swift */ = {isa = PBXFileReference; fileEncoding = 4; lastKnownFileType = sourcecode.swift; path = AppDelegate.swift; sourceTree = "<group>"; };
		A05375DF1EB1636800645696 /* Assets.xcassets */ = {isa = PBXFileReference; lastKnownFileType = folder.assetcatalog; path = Assets.xcassets; sourceTree = "<group>"; };
		A05375E11EB1636800645696 /* Base */ = {isa = PBXFileReference; lastKnownFileType = file.storyboard; name = Base; path = Base.lproj/LaunchScreen.storyboard; sourceTree = "<group>"; };
		A05375E31EB1636800645696 /* Base */ = {isa = PBXFileReference; lastKnownFileType = file.storyboard; name = Base; path = Base.lproj/Main.storyboard; sourceTree = "<group>"; };
		A05375E41EB1636800645696 /* Info.plist */ = {isa = PBXFileReference; fileEncoding = 4; lastKnownFileType = text.plist.xml; path = Info.plist; sourceTree = "<group>"; };
		A05375E51EB1636800645696 /* logo_opentok_registered.png */ = {isa = PBXFileReference; lastKnownFileType = image.png; path = logo_opentok_registered.png; sourceTree = "<group>"; };
		A05375E61EB1636800645696 /* ScreenCapturer.swift */ = {isa = PBXFileReference; fileEncoding = 4; lastKnownFileType = sourcecode.swift; path = ScreenCapturer.swift; sourceTree = "<group>"; };
		A05375E71EB1636800645696 /* ViewController.swift */ = {isa = PBXFileReference; fileEncoding = 4; lastKnownFileType = sourcecode.swift; path = ViewController.swift; sourceTree = "<group>"; };
		F8DE15B31D951F9200EFFA79 /* Screen-Sharing.app */ = {isa = PBXFileReference; explicitFileType = wrapper.application; includeInIndex = 0; path = "Screen-Sharing.app"; sourceTree = BUILT_PRODUCTS_DIR; };
/* End PBXFileReference section */

/* Begin PBXFrameworksBuildPhase section */
		F8DE15B01D951F9200EFFA79 /* Frameworks */ = {
			isa = PBXFrameworksBuildPhase;
			buildActionMask = 2147483647;
			files = (
			);
			runOnlyForDeploymentPostprocessing = 0;
		};
/* End PBXFrameworksBuildPhase section */

/* Begin PBXGroup section */
		A05375DD1EB1636800645696 /* Screen-Sharing */ = {
			isa = PBXGroup;
			children = (
				A05375DE1EB1636800645696 /* AppDelegate.swift */,
				A05375DF1EB1636800645696 /* Assets.xcassets */,
				A05375E01EB1636800645696 /* LaunchScreen.storyboard */,
				A05375E21EB1636800645696 /* Main.storyboard */,
				A05375E41EB1636800645696 /* Info.plist */,
				A05375E51EB1636800645696 /* logo_opentok_registered.png */,
				A05375E61EB1636800645696 /* ScreenCapturer.swift */,
				A05375E71EB1636800645696 /* ViewController.swift */,
			);
			path = "Screen-Sharing";
			sourceTree = "<group>";
		};
		F8DE15AA1D951F9200EFFA79 = {
			isa = PBXGroup;
			children = (
				A05375DD1EB1636800645696 /* Screen-Sharing */,
				F8DE15B41D951F9200EFFA79 /* Products */,
			);
			sourceTree = "<group>";
		};
		F8DE15B41D951F9200EFFA79 /* Products */ = {
			isa = PBXGroup;
			children = (
				F8DE15B31D951F9200EFFA79 /* Screen-Sharing.app */,
			);
			name = Products;
			sourceTree = "<group>";
		};
/* End PBXGroup section */

/* Begin PBXNativeTarget section */
		F8DE15B21D951F9200EFFA79 /* Screen-Sharing */ = {
			isa = PBXNativeTarget;
			buildConfigurationList = F8DE15C51D951F9200EFFA79 /* Build configuration list for PBXNativeTarget "Screen-Sharing" */;
			buildPhases = (
				F8DE15AF1D951F9200EFFA79 /* Sources */,
				F8DE15B01D951F9200EFFA79 /* Frameworks */,
				F8DE15B11D951F9200EFFA79 /* Resources */,
			);
			buildRules = (
			);
			dependencies = (
			);
			name = "Screen-Sharing";
			productName = "4.Screen-Sharing";
			productReference = F8DE15B31D951F9200EFFA79 /* Screen-Sharing.app */;
			productType = "com.apple.product-type.application";
		};
/* End PBXNativeTarget section */

/* Begin PBXProject section */
		F8DE15AB1D951F9200EFFA79 /* Project object */ = {
			isa = PBXProject;
			attributes = {
				LastSwiftUpdateCheck = 0800;
				LastUpgradeCheck = 0820;
				ORGANIZATIONNAME = tokbox;
				TargetAttributes = {
					F8DE15B21D951F9200EFFA79 = {
						CreatedOnToolsVersion = 8.0;
						DevelopmentTeam = "";
						LastSwiftMigration = 0800;
						ProvisioningStyle = Manual;
					};
				};
			};
			buildConfigurationList = F8DE15AE1D951F9200EFFA79 /* Build configuration list for PBXProject "Screen-Sharing" */;
			compatibilityVersion = "Xcode 3.2";
			developmentRegion = English;
			hasScannedForEncodings = 0;
			knownRegions = (
				en,
				Base,
			);
			mainGroup = F8DE15AA1D951F9200EFFA79;
			productRefGroup = F8DE15B41D951F9200EFFA79 /* Products */;
			projectDirPath = "";
			projectRoot = "";
			targets = (
				F8DE15B21D951F9200EFFA79 /* Screen-Sharing */,
			);
		};
/* End PBXProject section */

/* Begin PBXResourcesBuildPhase section */
		F8DE15B11D951F9200EFFA79 /* Resources */ = {
			isa = PBXResourcesBuildPhase;
			buildActionMask = 2147483647;
			files = (
				A05375ED1EB1636800645696 /* logo_opentok_registered.png in Resources */,
				A05375EC1EB1636800645696 /* Info.plist in Resources */,
				A05375EB1EB1636800645696 /* Main.storyboard in Resources */,
				A05375E91EB1636800645696 /* Assets.xcassets in Resources */,
				A05375EA1EB1636800645696 /* LaunchScreen.storyboard in Resources */,
			);
			runOnlyForDeploymentPostprocessing = 0;
		};
/* End PBXResourcesBuildPhase section */

/* Begin PBXSourcesBuildPhase section */
		F8DE15AF1D951F9200EFFA79 /* Sources */ = {
			isa = PBXSourcesBuildPhase;
			buildActionMask = 2147483647;
			files = (
				A05375EF1EB1636800645696 /* ViewController.swift in Sources */,
				A05375E81EB1636800645696 /* AppDelegate.swift in Sources */,
				A05375EE1EB1636800645696 /* ScreenCapturer.swift in Sources */,
			);
			runOnlyForDeploymentPostprocessing = 0;
		};
/* End PBXSourcesBuildPhase section */

/* Begin PBXVariantGroup section */
		A05375E01EB1636800645696 /* LaunchScreen.storyboard */ = {
			isa = PBXVariantGroup;
			children = (
				A05375E11EB1636800645696 /* Base */,
			);
			name = LaunchScreen.storyboard;
			sourceTree = "<group>";
		};
		A05375E21EB1636800645696 /* Main.storyboard */ = {
			isa = PBXVariantGroup;
			children = (
				A05375E31EB1636800645696 /* Base */,
			);
			name = Main.storyboard;
			sourceTree = "<group>";
		};
/* End PBXVariantGroup section */

/* Begin XCBuildConfiguration section */
		F8DE15C31D951F9200EFFA79 /* Debug */ = {
			isa = XCBuildConfiguration;
			buildSettings = {
				ALWAYS_SEARCH_USER_PATHS = NO;
				CLANG_ANALYZER_NONNULL = YES;
				CLANG_CXX_LANGUAGE_STANDARD = "gnu++0x";
				CLANG_CXX_LIBRARY = "libc++";
				CLANG_ENABLE_MODULES = YES;
				CLANG_ENABLE_OBJC_ARC = YES;
				CLANG_WARN_BOOL_CONVERSION = YES;
				CLANG_WARN_CONSTANT_CONVERSION = YES;
				CLANG_WARN_DIRECT_OBJC_ISA_USAGE = YES_ERROR;
				CLANG_WARN_DOCUMENTATION_COMMENTS = YES;
				CLANG_WARN_EMPTY_BODY = YES;
				CLANG_WARN_ENUM_CONVERSION = YES;
				CLANG_WARN_INFINITE_RECURSION = YES;
				CLANG_WARN_INT_CONVERSION = YES;
				CLANG_WARN_OBJC_ROOT_CLASS = YES_ERROR;
				CLANG_WARN_SUSPICIOUS_MOVE = YES;
				CLANG_WARN_SUSPICIOUS_MOVES = YES;
				CLANG_WARN_UNREACHABLE_CODE = YES;
				CLANG_WARN__DUPLICATE_METHOD_MATCH = YES;
				COPY_PHASE_STRIP = NO;
				DEBUG_INFORMATION_FORMAT = dwarf;
				ENABLE_STRICT_OBJC_MSGSEND = YES;
				ENABLE_TESTABILITY = YES;
				GCC_C_LANGUAGE_STANDARD = gnu99;
				GCC_DYNAMIC_NO_PIC = NO;
				GCC_NO_COMMON_BLOCKS = YES;
				GCC_OPTIMIZATION_LEVEL = 0;
				GCC_PREPROCESSOR_DEFINITIONS = (
					"DEBUG=1",
					"$(inherited)",
				);
				GCC_WARN_64_TO_32_BIT_CONVERSION = YES;
				GCC_WARN_ABOUT_RETURN_TYPE = YES_ERROR;
				GCC_WARN_UNDECLARED_SELECTOR = YES;
				GCC_WARN_UNINITIALIZED_AUTOS = YES_AGGRESSIVE;
				GCC_WARN_UNUSED_FUNCTION = YES;
				GCC_WARN_UNUSED_VARIABLE = YES;
				IPHONEOS_DEPLOYMENT_TARGET = 10.0;
				MTL_ENABLE_DEBUG_INFO = YES;
				ONLY_ACTIVE_ARCH = YES;
				SDKROOT = iphoneos;
				SWIFT_ACTIVE_COMPILATION_CONDITIONS = DEBUG;
				SWIFT_OPTIMIZATION_LEVEL = "-Onone";
			};
			name = Debug;
		};
		F8DE15C41D951F9200EFFA79 /* Release */ = {
			isa = XCBuildConfiguration;
			buildSettings = {
				ALWAYS_SEARCH_USER_PATHS = NO;
				CLANG_ANALYZER_NONNULL = YES;
				CLANG_CXX_LANGUAGE_STANDARD = "gnu++0x";
				CLANG_CXX_LIBRARY = "libc++";
				CLANG_ENABLE_MODULES = YES;
				CLANG_ENABLE_OBJC_ARC = YES;
				CLANG_WARN_BOOL_CONVERSION = YES;
				CLANG_WARN_CONSTANT_CONVERSION = YES;
				CLANG_WARN_DIRECT_OBJC_ISA_USAGE = YES_ERROR;
				CLANG_WARN_DOCUMENTATION_COMMENTS = YES;
				CLANG_WARN_EMPTY_BODY = YES;
				CLANG_WARN_ENUM_CONVERSION = YES;
				CLANG_WARN_INFINITE_RECURSION = YES;
				CLANG_WARN_INT_CONVERSION = YES;
				CLANG_WARN_OBJC_ROOT_CLASS = YES_ERROR;
				CLANG_WARN_SUSPICIOUS_MOVE = YES;
				CLANG_WARN_SUSPICIOUS_MOVES = YES;
				CLANG_WARN_UNREACHABLE_CODE = YES;
				CLANG_WARN__DUPLICATE_METHOD_MATCH = YES;
				COPY_PHASE_STRIP = NO;
				DEBUG_INFORMATION_FORMAT = "dwarf-with-dsym";
				ENABLE_NS_ASSERTIONS = NO;
				ENABLE_STRICT_OBJC_MSGSEND = YES;
				GCC_C_LANGUAGE_STANDARD = gnu99;
				GCC_NO_COMMON_BLOCKS = YES;
				GCC_WARN_64_TO_32_BIT_CONVERSION = YES;
				GCC_WARN_ABOUT_RETURN_TYPE = YES_ERROR;
				GCC_WARN_UNDECLARED_SELECTOR = YES;
				GCC_WARN_UNINITIALIZED_AUTOS = YES_AGGRESSIVE;
				GCC_WARN_UNUSED_FUNCTION = YES;
				GCC_WARN_UNUSED_VARIABLE = YES;
				IPHONEOS_DEPLOYMENT_TARGET = 10.0;
				MTL_ENABLE_DEBUG_INFO = NO;
				SDKROOT = iphoneos;
				SWIFT_OPTIMIZATION_LEVEL = "-Owholemodule";
				VALIDATE_PRODUCT = YES;
			};
			name = Release;
		};
		F8DE15C61D951F9200EFFA79 /* Debug */ = {
			isa = XCBuildConfiguration;
			buildSettings = {
				ASSETCATALOG_COMPILER_APPICON_NAME = AppIcon;
				CLANG_ENABLE_MODULES = YES;
				DEVELOPMENT_TEAM = "";
				INFOPLIST_FILE = "$(SRCROOT)/Screen-Sharing/Info.plist";
				LD_RUNPATH_SEARCH_PATHS = "$(inherited) @executable_path/Frameworks";
				PRODUCT_BUNDLE_IDENTIFIER = "com.tokbox.--Screen-Sharing";
				PRODUCT_NAME = "$(TARGET_NAME)";
				PROVISIONING_PROFILE = "a59dc7c3-af3f-40f4-9a52-be0289761eb4";
				SWIFT_OBJC_BRIDGING_HEADER = "";
				SWIFT_OPTIMIZATION_LEVEL = "-Onone";
				SWIFT_VERSION = 3.0;
			};
			name = Debug;
		};
		F8DE15C71D951F9200EFFA79 /* Release */ = {
			isa = XCBuildConfiguration;
			buildSettings = {
				ASSETCATALOG_COMPILER_APPICON_NAME = AppIcon;
				CLANG_ENABLE_MODULES = YES;
				DEVELOPMENT_TEAM = "";
				INFOPLIST_FILE = "$(SRCROOT)/Screen-Sharing/Info.plist";
				LD_RUNPATH_SEARCH_PATHS = "$(inherited) @executable_path/Frameworks";
				PRODUCT_BUNDLE_IDENTIFIER = "com.tokbox.--Screen-Sharing";
				PRODUCT_NAME = "$(TARGET_NAME)";
				SWIFT_OBJC_BRIDGING_HEADER = "";
				SWIFT_VERSION = 3.0;
			};
			name = Release;
		};
/* End XCBuildConfiguration section */

/* Begin XCConfigurationList section */
		F8DE15AE1D951F9200EFFA79 /* Build configuration list for PBXProject "Screen-Sharing" */ = {
			isa = XCConfigurationList;
			buildConfigurations = (
				F8DE15C31D951F9200EFFA79 /* Debug */,
				F8DE15C41D951F9200EFFA79 /* Release */,
			);
			defaultConfigurationIsVisible = 0;
			defaultConfigurationName = Release;
		};
		F8DE15C51D951F9200EFFA79 /* Build configuration list for PBXNativeTarget "Screen-Sharing" */ = {
			isa = XCConfigurationList;
			buildConfigurations = (
				F8DE15C61D951F9200EFFA79 /* Debug */,
				F8DE15C71D951F9200EFFA79 /* Release */,
			);
			defaultConfigurationIsVisible = 0;
			defaultConfigurationName = Release;
		};
/* End XCConfigurationList section */
	};
	rootObject = F8DE15AB1D951F9200EFFA79 /* Project object */;
}
