// !$*UTF8*$!
{
	archiveVersion = 1;
	classes = {
	};
	objectVersion = 46;
	objects = {

/* Begin PBXBuildFile section */
		4ADE0A0F8EFF4F7534A9A520 /* Pods_7_Multiparty_UICollectionView.framework in Frameworks */ = {isa = PBXBuildFile; fileRef = FD2639F188BDDEEBAABF478A /* Pods_7_Multiparty_UICollectionView.framework */; };
		F852CCC31EA4D88200ADB206 /* AppDelegate.swift in Sources */ = {isa = PBXBuildFile; fileRef = F852CCC21EA4D88200ADB206 /* AppDelegate.swift */; };
		F852CCC51EA4D88200ADB206 /* ChatViewController.swift in Sources */ = {isa = PBXBuildFile; fileRef = F852CCC41EA4D88200ADB206 /* ChatViewController.swift */; };
		F852CCC81EA4D88200ADB206 /* Main.storyboard in Resources */ = {isa = PBXBuildFile; fileRef = F852CCC61EA4D88200ADB206 /* Main.storyboard */; };
		F852CCCA1EA4D88200ADB206 /* Assets.xcassets in Resources */ = {isa = PBXBuildFile; fileRef = F852CCC91EA4D88200ADB206 /* Assets.xcassets */; };
		F852CCCD1EA4D88200ADB206 /* LaunchScreen.storyboard in Resources */ = {isa = PBXBuildFile; fileRef = F852CCCB1EA4D88200ADB206 /* LaunchScreen.storyboard */; };
		F852CCD51EA5001A00ADB206 /* MultipartyLayout.swift in Sources */ = {isa = PBXBuildFile; fileRef = F852CCD41EA5001A00ADB206 /* MultipartyLayout.swift */; };
/* End PBXBuildFile section */

/* Begin PBXFileReference section */
		313E7512ACAB0956CE7EC5BE /* Pods-7.Multiparty-UICollectionView.release.xcconfig */ = {isa = PBXFileReference; includeInIndex = 1; lastKnownFileType = text.xcconfig; name = "Pods-7.Multiparty-UICollectionView.release.xcconfig"; path = "../Pods/Target Support Files/Pods-7.Multiparty-UICollectionView/Pods-7.Multiparty-UICollectionView.release.xcconfig"; sourceTree = "<group>"; };
		EC7306D4D7B7F6C8879263DC /* Pods-7.Multiparty-UICollectionView.debug.xcconfig */ = {isa = PBXFileReference; includeInIndex = 1; lastKnownFileType = text.xcconfig; name = "Pods-7.Multiparty-UICollectionView.debug.xcconfig"; path = "../Pods/Target Support Files/Pods-7.Multiparty-UICollectionView/Pods-7.Multiparty-UICollectionView.debug.xcconfig"; sourceTree = "<group>"; };
		F852CCBF1EA4D88200ADB206 /* 7.Multiparty-UICollectionView.app */ = {isa = PBXFileReference; explicitFileType = wrapper.application; includeInIndex = 0; path = "7.Multiparty-UICollectionView.app"; sourceTree = BUILT_PRODUCTS_DIR; };
		F852CCC21EA4D88200ADB206 /* AppDelegate.swift */ = {isa = PBXFileReference; lastKnownFileType = sourcecode.swift; path = AppDelegate.swift; sourceTree = "<group>"; };
		F852CCC41EA4D88200ADB206 /* ChatViewController.swift */ = {isa = PBXFileReference; lastKnownFileType = sourcecode.swift; path = ChatViewController.swift; sourceTree = "<group>"; };
		F852CCC71EA4D88200ADB206 /* Base */ = {isa = PBXFileReference; lastKnownFileType = file.storyboard; name = Base; path = Base.lproj/Main.storyboard; sourceTree = "<group>"; };
		F852CCC91EA4D88200ADB206 /* Assets.xcassets */ = {isa = PBXFileReference; lastKnownFileType = folder.assetcatalog; path = Assets.xcassets; sourceTree = "<group>"; };
		F852CCCC1EA4D88200ADB206 /* Base */ = {isa = PBXFileReference; lastKnownFileType = file.storyboard; name = Base; path = Base.lproj/LaunchScreen.storyboard; sourceTree = "<group>"; };
		F852CCCE1EA4D88200ADB206 /* Info.plist */ = {isa = PBXFileReference; lastKnownFileType = text.plist.xml; path = Info.plist; sourceTree = "<group>"; };
		F852CCD41EA5001A00ADB206 /* MultipartyLayout.swift */ = {isa = PBXFileReference; fileEncoding = 4; lastKnownFileType = sourcecode.swift; path = MultipartyLayout.swift; sourceTree = "<group>"; };
		FD2639F188BDDEEBAABF478A /* Pods_7_Multiparty_UICollectionView.framework */ = {isa = PBXFileReference; explicitFileType = wrapper.framework; includeInIndex = 0; path = Pods_7_Multiparty_UICollectionView.framework; sourceTree = BUILT_PRODUCTS_DIR; };
/* End PBXFileReference section */

/* Begin PBXFrameworksBuildPhase section */
		F852CCBC1EA4D88200ADB206 /* Frameworks */ = {
			isa = PBXFrameworksBuildPhase;
			buildActionMask = 2147483647;
			files = (
				4ADE0A0F8EFF4F7534A9A520 /* Pods_7_Multiparty_UICollectionView.framework in Frameworks */,
			);
			runOnlyForDeploymentPostprocessing = 0;
		};
/* End PBXFrameworksBuildPhase section */

/* Begin PBXGroup section */
		4613A2E03AD34DD93B2D65D3 /* Pods */ = {
			isa = PBXGroup;
			children = (
				EC7306D4D7B7F6C8879263DC /* Pods-7.Multiparty-UICollectionView.debug.xcconfig */,
				313E7512ACAB0956CE7EC5BE /* Pods-7.Multiparty-UICollectionView.release.xcconfig */,
			);
			name = Pods;
			sourceTree = "<group>";
		};
		BB27875C5B680F25EDFD5043 /* Frameworks */ = {
			isa = PBXGroup;
			children = (
				FD2639F188BDDEEBAABF478A /* Pods_7_Multiparty_UICollectionView.framework */,
			);
			name = Frameworks;
			sourceTree = "<group>";
		};
		F852CCB61EA4D88200ADB206 = {
			isa = PBXGroup;
			children = (
				F852CCC11EA4D88200ADB206 /* 7.Multiparty-UICollectionView */,
				F852CCC01EA4D88200ADB206 /* Products */,
				4613A2E03AD34DD93B2D65D3 /* Pods */,
				BB27875C5B680F25EDFD5043 /* Frameworks */,
			);
			sourceTree = "<group>";
		};
		F852CCC01EA4D88200ADB206 /* Products */ = {
			isa = PBXGroup;
			children = (
				F852CCBF1EA4D88200ADB206 /* 7.Multiparty-UICollectionView.app */,
			);
			name = Products;
			sourceTree = "<group>";
		};
		F852CCC11EA4D88200ADB206 /* 7.Multiparty-UICollectionView */ = {
			isa = PBXGroup;
			children = (
				F852CCC21EA4D88200ADB206 /* AppDelegate.swift */,
				F852CCC41EA4D88200ADB206 /* ChatViewController.swift */,
				F852CCC61EA4D88200ADB206 /* Main.storyboard */,
				F852CCC91EA4D88200ADB206 /* Assets.xcassets */,
				F852CCCB1EA4D88200ADB206 /* LaunchScreen.storyboard */,
				F852CCCE1EA4D88200ADB206 /* Info.plist */,
				F852CCD41EA5001A00ADB206 /* MultipartyLayout.swift */,
			);
			path = "7.Multiparty-UICollectionView";
			sourceTree = "<group>";
		};
/* End PBXGroup section */

/* Begin PBXNativeTarget section */
		F852CCBE1EA4D88200ADB206 /* 7.Multiparty-UICollectionView */ = {
			isa = PBXNativeTarget;
			buildConfigurationList = F852CCD11EA4D88200ADB206 /* Build configuration list for PBXNativeTarget "7.Multiparty-UICollectionView" */;
			buildPhases = (
				ABA70D6148A802AAF6B0210B /* [CP] Check Pods Manifest.lock */,
				F852CCBB1EA4D88200ADB206 /* Sources */,
				F852CCBC1EA4D88200ADB206 /* Frameworks */,
				F852CCBD1EA4D88200ADB206 /* Resources */,
				E22B5273169B86247D5B815C /* [CP] Embed Pods Frameworks */,
				412AE1A9FADDF5701A76694C /* [CP] Copy Pods Resources */,
			);
			buildRules = (
			);
			dependencies = (
			);
			name = "7.Multiparty-UICollectionView";
			productName = "7.Multiparty-UICollectionView";
			productReference = F852CCBF1EA4D88200ADB206 /* 7.Multiparty-UICollectionView.app */;
			productType = "com.apple.product-type.application";
		};
/* End PBXNativeTarget section */

/* Begin PBXProject section */
		F852CCB71EA4D88200ADB206 /* Project object */ = {
			isa = PBXProject;
			attributes = {
				LastSwiftUpdateCheck = 0830;
				LastUpgradeCheck = 0830;
				ORGANIZATIONNAME = tokbox;
				TargetAttributes = {
					F852CCBE1EA4D88200ADB206 = {
						CreatedOnToolsVersion = 8.3.1;
						ProvisioningStyle = Manual;
					};
				};
			};
			buildConfigurationList = F852CCBA1EA4D88200ADB206 /* Build configuration list for PBXProject "7.Multiparty-UICollectionView" */;
			compatibilityVersion = "Xcode 3.2";
			developmentRegion = English;
			hasScannedForEncodings = 0;
			knownRegions = (
				en,
				Base,
			);
			mainGroup = F852CCB61EA4D88200ADB206;
			productRefGroup = F852CCC01EA4D88200ADB206 /* Products */;
			projectDirPath = "";
			projectRoot = "";
			targets = (
				F852CCBE1EA4D88200ADB206 /* 7.Multiparty-UICollectionView */,
			);
		};
/* End PBXProject section */

/* Begin PBXResourcesBuildPhase section */
		F852CCBD1EA4D88200ADB206 /* Resources */ = {
			isa = PBXResourcesBuildPhase;
			buildActionMask = 2147483647;
			files = (
				F852CCCD1EA4D88200ADB206 /* LaunchScreen.storyboard in Resources */,
				F852CCCA1EA4D88200ADB206 /* Assets.xcassets in Resources */,
				F852CCC81EA4D88200ADB206 /* Main.storyboard in Resources */,
			);
			runOnlyForDeploymentPostprocessing = 0;
		};
/* End PBXResourcesBuildPhase section */

/* Begin PBXShellScriptBuildPhase section */
		412AE1A9FADDF5701A76694C /* [CP] Copy Pods Resources */ = {
			isa = PBXShellScriptBuildPhase;
			buildActionMask = 2147483647;
			files = (
			);
			inputPaths = (
			);
			name = "[CP] Copy Pods Resources";
			outputPaths = (
			);
			runOnlyForDeploymentPostprocessing = 0;
			shellPath = /bin/sh;
			shellScript = "\"${SRCROOT}/../Pods/Target Support Files/Pods-7.Multiparty-UICollectionView/Pods-7.Multiparty-UICollectionView-resources.sh\"\n";
			showEnvVarsInLog = 0;
		};
		ABA70D6148A802AAF6B0210B /* [CP] Check Pods Manifest.lock */ = {
			isa = PBXShellScriptBuildPhase;
			buildActionMask = 2147483647;
			files = (
			);
			inputPaths = (
			);
			name = "[CP] Check Pods Manifest.lock";
			outputPaths = (
			);
			runOnlyForDeploymentPostprocessing = 0;
			shellPath = /bin/sh;
			shellScript = "diff \"${PODS_ROOT}/../Podfile.lock\" \"${PODS_ROOT}/Manifest.lock\" > /dev/null\nif [ $? != 0 ] ; then\n    # print error to STDERR\n    echo \"error: The sandbox is not in sync with the Podfile.lock. Run 'pod install' or update your CocoaPods installation.\" >&2\n    exit 1\nfi\n";
			showEnvVarsInLog = 0;
		};
		E22B5273169B86247D5B815C /* [CP] Embed Pods Frameworks */ = {
			isa = PBXShellScriptBuildPhase;
			buildActionMask = 2147483647;
			files = (
			);
			inputPaths = (
			);
			name = "[CP] Embed Pods Frameworks";
			outputPaths = (
			);
			runOnlyForDeploymentPostprocessing = 0;
			shellPath = /bin/sh;
			shellScript = "\"${SRCROOT}/../Pods/Target Support Files/Pods-7.Multiparty-UICollectionView/Pods-7.Multiparty-UICollectionView-frameworks.sh\"\n";
			showEnvVarsInLog = 0;
		};
/* End PBXShellScriptBuildPhase section */

/* Begin PBXSourcesBuildPhase section */
		F852CCBB1EA4D88200ADB206 /* Sources */ = {
			isa = PBXSourcesBuildPhase;
			buildActionMask = 2147483647;
			files = (
				F852CCD51EA5001A00ADB206 /* MultipartyLayout.swift in Sources */,
				F852CCC51EA4D88200ADB206 /* ChatViewController.swift in Sources */,
				F852CCC31EA4D88200ADB206 /* AppDelegate.swift in Sources */,
			);
			runOnlyForDeploymentPostprocessing = 0;
		};
/* End PBXSourcesBuildPhase section */

/* Begin PBXVariantGroup section */
		F852CCC61EA4D88200ADB206 /* Main.storyboard */ = {
			isa = PBXVariantGroup;
			children = (
				F852CCC71EA4D88200ADB206 /* Base */,
			);
			name = Main.storyboard;
			sourceTree = "<group>";
		};
		F852CCCB1EA4D88200ADB206 /* LaunchScreen.storyboard */ = {
			isa = PBXVariantGroup;
			children = (
				F852CCCC1EA4D88200ADB206 /* Base */,
			);
			name = LaunchScreen.storyboard;
			sourceTree = "<group>";
		};
/* End PBXVariantGroup section */

/* Begin XCBuildConfiguration section */
		F852CCCF1EA4D88200ADB206 /* Debug */ = {
			isa = XCBuildConfiguration;
			buildSettings = {
				ALWAYS_SEARCH_USER_PATHS = NO;
				CLANG_ANALYZER_NONNULL = YES;
				CLANG_ANALYZER_NUMBER_OBJECT_CONVERSION = YES_AGGRESSIVE;
				CLANG_CXX_LANGUAGE_STANDARD = "gnu++0x";
				CLANG_CXX_LIBRARY = "libc++";
				CLANG_ENABLE_MODULES = YES;
				CLANG_ENABLE_OBJC_ARC = YES;
				CLANG_WARN_BOOL_CONVERSION = YES;
				CLANG_WARN_CONSTANT_CONVERSION = YES;
				CLANG_WARN_DIRECT_OBJC_ISA_USAGE = YES_ERROR;
				CLANG_WARN_DOCUMENTATION_COMMENTS = YES;
				CLANG_WARN_EMPTY_BODY = YES;
				CLANG_WARN_ENUM_CONVERSION = YES;
				CLANG_WARN_INFINITE_RECURSION = YES;
				CLANG_WARN_INT_CONVERSION = YES;
				CLANG_WARN_OBJC_ROOT_CLASS = YES_ERROR;
				CLANG_WARN_SUSPICIOUS_MOVE = YES;
				CLANG_WARN_UNREACHABLE_CODE = YES;
				CLANG_WARN__DUPLICATE_METHOD_MATCH = YES;
				"CODE_SIGN_IDENTITY[sdk=iphoneos*]" = "iPhone Developer";
				COPY_PHASE_STRIP = NO;
				DEBUG_INFORMATION_FORMAT = dwarf;
				ENABLE_STRICT_OBJC_MSGSEND = YES;
				ENABLE_TESTABILITY = YES;
				GCC_C_LANGUAGE_STANDARD = gnu99;
				GCC_DYNAMIC_NO_PIC = NO;
				GCC_NO_COMMON_BLOCKS = YES;
				GCC_OPTIMIZATION_LEVEL = 0;
				GCC_PREPROCESSOR_DEFINITIONS = (
					"DEBUG=1",
					"$(inherited)",
				);
				GCC_WARN_64_TO_32_BIT_CONVERSION = YES;
				GCC_WARN_ABOUT_RETURN_TYPE = YES_ERROR;
				GCC_WARN_UNDECLARED_SELECTOR = YES;
				GCC_WARN_UNINITIALIZED_AUTOS = YES_AGGRESSIVE;
				GCC_WARN_UNUSED_FUNCTION = YES;
				GCC_WARN_UNUSED_VARIABLE = YES;
				IPHONEOS_DEPLOYMENT_TARGET = 10.3;
				MTL_ENABLE_DEBUG_INFO = YES;
				ONLY_ACTIVE_ARCH = YES;
				SDKROOT = iphoneos;
				SWIFT_ACTIVE_COMPILATION_CONDITIONS = DEBUG;
				SWIFT_OPTIMIZATION_LEVEL = "-Onone";
			};
			name = Debug;
		};
		F852CCD01EA4D88200ADB206 /* Release */ = {
			isa = XCBuildConfiguration;
			buildSettings = {
				ALWAYS_SEARCH_USER_PATHS = NO;
				CLANG_ANALYZER_NONNULL = YES;
				CLANG_ANALYZER_NUMBER_OBJECT_CONVERSION = YES_AGGRESSIVE;
				CLANG_CXX_LANGUAGE_STANDARD = "gnu++0x";
				CLANG_CXX_LIBRARY = "libc++";
				CLANG_ENABLE_MODULES = YES;
				CLANG_ENABLE_OBJC_ARC = YES;
				CLANG_WARN_BOOL_CONVERSION = YES;
				CLANG_WARN_CONSTANT_CONVERSION = YES;
				CLANG_WARN_DIRECT_OBJC_ISA_USAGE = YES_ERROR;
				CLANG_WARN_DOCUMENTATION_COMMENTS = YES;
				CLANG_WARN_EMPTY_BODY = YES;
				CLANG_WARN_ENUM_CONVERSION = YES;
				CLANG_WARN_INFINITE_RECURSION = YES;
				CLANG_WARN_INT_CONVERSION = YES;
				CLANG_WARN_OBJC_ROOT_CLASS = YES_ERROR;
				CLANG_WARN_SUSPICIOUS_MOVE = YES;
				CLANG_WARN_UNREACHABLE_CODE = YES;
				CLANG_WARN__DUPLICATE_METHOD_MATCH = YES;
				"CODE_SIGN_IDENTITY[sdk=iphoneos*]" = "iPhone Developer";
				COPY_PHASE_STRIP = NO;
				DEBUG_INFORMATION_FORMAT = "dwarf-with-dsym";
				ENABLE_NS_ASSERTIONS = NO;
				ENABLE_STRICT_OBJC_MSGSEND = YES;
				GCC_C_LANGUAGE_STANDARD = gnu99;
				GCC_NO_COMMON_BLOCKS = YES;
				GCC_WARN_64_TO_32_BIT_CONVERSION = YES;
				GCC_WARN_ABOUT_RETURN_TYPE = YES_ERROR;
				GCC_WARN_UNDECLARED_SELECTOR = YES;
				GCC_WARN_UNINITIALIZED_AUTOS = YES_AGGRESSIVE;
				GCC_WARN_UNUSED_FUNCTION = YES;
				GCC_WARN_UNUSED_VARIABLE = YES;
				IPHONEOS_DEPLOYMENT_TARGET = 10.3;
				MTL_ENABLE_DEBUG_INFO = NO;
				SDKROOT = iphoneos;
				SWIFT_OPTIMIZATION_LEVEL = "-Owholemodule";
				VALIDATE_PRODUCT = YES;
			};
			name = Release;
		};
		F852CCD21EA4D88200ADB206 /* Debug */ = {
			isa = XCBuildConfiguration;
			baseConfigurationReference = EC7306D4D7B7F6C8879263DC /* Pods-7.Multiparty-UICollectionView.debug.xcconfig */;
			buildSettings = {
				ASSETCATALOG_COMPILER_APPICON_NAME = AppIcon;
				INFOPLIST_FILE = "7.Multiparty-UICollectionView/Info.plist";
				LD_RUNPATH_SEARCH_PATHS = "$(inherited) @executable_path/Frameworks";
				PRODUCT_BUNDLE_IDENTIFIER = "com.tokbox.--Multiparty-UICollectionView";
				PRODUCT_NAME = "$(TARGET_NAME)";
				SWIFT_VERSION = 3.0;
			};
			name = Debug;
		};
		F852CCD31EA4D88200ADB206 /* Release */ = {
			isa = XCBuildConfiguration;
			baseConfigurationReference = 313E7512ACAB0956CE7EC5BE /* Pods-7.Multiparty-UICollectionView.release.xcconfig */;
			buildSettings = {
				ASSETCATALOG_COMPILER_APPICON_NAME = AppIcon;
				INFOPLIST_FILE = "7.Multiparty-UICollectionView/Info.plist";
				LD_RUNPATH_SEARCH_PATHS = "$(inherited) @executable_path/Frameworks";
				PRODUCT_BUNDLE_IDENTIFIER = "com.tokbox.--Multiparty-UICollectionView";
				PRODUCT_NAME = "$(TARGET_NAME)";
				PROVISIONING_PROFILE_SPECIFIER = "";
				SWIFT_VERSION = 3.0;
			};
			name = Release;
		};
/* End XCBuildConfiguration section */

/* Begin XCConfigurationList section */
		F852CCBA1EA4D88200ADB206 /* Build configuration list for PBXProject "7.Multiparty-UICollectionView" */ = {
			isa = XCConfigurationList;
			buildConfigurations = (
				F852CCCF1EA4D88200ADB206 /* Debug */,
				F852CCD01EA4D88200ADB206 /* Release */,
			);
			defaultConfigurationIsVisible = 0;
			defaultConfigurationName = Release;
		};
		F852CCD11EA4D88200ADB206 /* Build configuration list for PBXNativeTarget "7.Multiparty-UICollectionView" */ = {
			isa = XCConfigurationList;
			buildConfigurations = (
				F852CCD21EA4D88200ADB206 /* Debug */,
				F852CCD31EA4D88200ADB206 /* Release */,
			);
			defaultConfigurationIsVisible = 0;
			defaultConfigurationName = Release;
		};
/* End XCConfigurationList section */
	};
	rootObject = F852CCB71EA4D88200ADB206 /* Project object */;
}
