// !$*UTF8*$!
{
	archiveVersion = 1;
	classes = {
	};
	objectVersion = 46;
	objects = {

/* Begin PBXBuildFile section */
		A05375F91EB1637B00645696 /* AppDelegate.swift in Sources */ = {isa = PBXBuildFile; fileRef = A05375F11EB1637B00645696 /* AppDelegate.swift */; };
		A05375FA1EB1637B00645696 /* Assets.xcassets in Resources */ = {isa = PBXBuildFile; fileRef = A05375F21EB1637B00645696 /* Assets.xcassets */; };
		A05375FB1EB1637B00645696 /* LaunchScreen.storyboard in Resources */ = {isa = PBXBuildFile; fileRef = A05375F31EB1637B00645696 /* LaunchScreen.storyboard */; };
		A05375FC1EB1637B00645696 /* Main.storyboard in Resources */ = {isa = PBXBuildFile; fileRef = A05375F51EB1637B00645696 /* Main.storyboard */; };
		A05375FD1EB1637B00645696 /* Info.plist in Resources */ = {isa = PBXBuildFile; fileRef = A05375F71EB1637B00645696 /* Info.plist */; };
		A05375FE1EB1637B00645696 /* ViewController.swift in Sources */ = {isa = PBXBuildFile; fileRef = A05375F81EB1637B00645696 /* ViewController.swift */; };
/* End PBXBuildFile section */

/* Begin PBXFileReference section */
		A05375F11EB1637B00645696 /* AppDelegate.swift */ = {isa = PBXFileReference; fileEncoding = 4; lastKnownFileType = sourcecode.swift; path = AppDelegate.swift; sourceTree = "<group>"; };
		A05375F21EB1637B00645696 /* Assets.xcassets */ = {isa = PBXFileReference; lastKnownFileType = folder.assetcatalog; path = Assets.xcassets; sourceTree = "<group>"; };
		A05375F41EB1637B00645696 /* Base */ = {isa = PBXFileReference; lastKnownFileType = file.storyboard; name = Base; path = Base.lproj/LaunchScreen.storyboard; sourceTree = "<group>"; };
		A05375F61EB1637B00645696 /* Base */ = {isa = PBXFileReference; lastKnownFileType = file.storyboard; name = Base; path = Base.lproj/Main.storyboard; sourceTree = "<group>"; };
		A05375F71EB1637B00645696 /* Info.plist */ = {isa = PBXFileReference; fileEncoding = 4; lastKnownFileType = text.plist.xml; path = Info.plist; sourceTree = "<group>"; };
		A05375F81EB1637B00645696 /* ViewController.swift */ = {isa = PBXFileReference; fileEncoding = 4; lastKnownFileType = sourcecode.swift; path = ViewController.swift; sourceTree = "<group>"; };
		F829C8E51D9AB57700CDFBD5 /* Simple-Multiparty.app */ = {isa = PBXFileReference; explicitFileType = wrapper.application; includeInIndex = 0; path = "Simple-Multiparty.app"; sourceTree = BUILT_PRODUCTS_DIR; };
/* End PBXFileReference section */

/* Begin PBXFrameworksBuildPhase section */
		F829C8E21D9AB57700CDFBD5 /* Frameworks */ = {
			isa = PBXFrameworksBuildPhase;
			buildActionMask = 2147483647;
			files = (
			);
			runOnlyForDeploymentPostprocessing = 0;
		};
/* End PBXFrameworksBuildPhase section */

/* Begin PBXGroup section */
		A05375F01EB1637B00645696 /* Simple-Multiparty */ = {
			isa = PBXGroup;
			children = (
				A05375F11EB1637B00645696 /* AppDelegate.swift */,
				A05375F21EB1637B00645696 /* Assets.xcassets */,
				A05375F31EB1637B00645696 /* LaunchScreen.storyboard */,
				A05375F51EB1637B00645696 /* Main.storyboard */,
				A05375F71EB1637B00645696 /* Info.plist */,
				A05375F81EB1637B00645696 /* ViewController.swift */,
			);
			path = "Simple-Multiparty";
			sourceTree = "<group>";
		};
		F829C8DC1D9AB57700CDFBD5 = {
			isa = PBXGroup;
			children = (
				A05375F01EB1637B00645696 /* Simple-Multiparty */,
				F829C8E61D9AB57700CDFBD5 /* Products */,
			);
			sourceTree = "<group>";
		};
		F829C8E61D9AB57700CDFBD5 /* Products */ = {
			isa = PBXGroup;
			children = (
				F829C8E51D9AB57700CDFBD5 /* Simple-Multiparty.app */,
			);
			name = Products;
			sourceTree = "<group>";
		};
/* End PBXGroup section */

/* Begin PBXNativeTarget section */
		F829C8E41D9AB57700CDFBD5 /* Simple-Multiparty */ = {
			isa = PBXNativeTarget;
			buildConfigurationList = F829C8F71D9AB57700CDFBD5 /* Build configuration list for PBXNativeTarget "Simple-Multiparty" */;
			buildPhases = (
				F829C8E11D9AB57700CDFBD5 /* Sources */,
				F829C8E21D9AB57700CDFBD5 /* Frameworks */,
				F829C8E31D9AB57700CDFBD5 /* Resources */,
			);
			buildRules = (
			);
			dependencies = (
			);
			name = "Simple-Multiparty";
			productName = "6.Simple-Multiparty";
			productReference = F829C8E51D9AB57700CDFBD5 /* Simple-Multiparty.app */;
			productType = "com.apple.product-type.application";
		};
/* End PBXNativeTarget section */

/* Begin PBXProject section */
		F829C8DD1D9AB57700CDFBD5 /* Project object */ = {
			isa = PBXProject;
			attributes = {
				LastSwiftUpdateCheck = 0800;
				LastUpgradeCheck = 0800;
				ORGANIZATIONNAME = tokbox;
				TargetAttributes = {
					F829C8E41D9AB57700CDFBD5 = {
						CreatedOnToolsVersion = 8.0;
						DevelopmentTeam = "";
						ProvisioningStyle = Manual;
					};
				};
			};
			buildConfigurationList = F829C8E01D9AB57700CDFBD5 /* Build configuration list for PBXProject "Simple-Multiparty" */;
			compatibilityVersion = "Xcode 3.2";
			developmentRegion = English;
			hasScannedForEncodings = 0;
			knownRegions = (
				en,
				Base,
			);
			mainGroup = F829C8DC1D9AB57700CDFBD5;
			productRefGroup = F829C8E61D9AB57700CDFBD5 /* Products */;
			projectDirPath = "";
			projectRoot = "";
			targets = (
				F829C8E41D9AB57700CDFBD5 /* Simple-Multiparty */,
			);
		};
/* End PBXProject section */

/* Begin PBXResourcesBuildPhase section */
		F829C8E31D9AB57700CDFBD5 /* Resources */ = {
			isa = PBXResourcesBuildPhase;
			buildActionMask = 2147483647;
			files = (
				A05375FD1EB1637B00645696 /* Info.plist in Resources */,
				A05375FC1EB1637B00645696 /* Main.storyboard in Resources */,
				A05375FA1EB1637B00645696 /* Assets.xcassets in Resources */,
				A05375FB1EB1637B00645696 /* LaunchScreen.storyboard in Resources */,
			);
			runOnlyForDeploymentPostprocessing = 0;
		};
/* End PBXResourcesBuildPhase section */

/* Begin PBXSourcesBuildPhase section */
		F829C8E11D9AB57700CDFBD5 /* Sources */ = {
			isa = PBXSourcesBuildPhase;
			buildActionMask = 2147483647;
			files = (
				A05375FE1EB1637B00645696 /* ViewController.swift in Sources */,
				A05375F91EB1637B00645696 /* AppDelegate.swift in Sources */,
			);
			runOnlyForDeploymentPostprocessing = 0;
		};
/* End PBXSourcesBuildPhase section */

/* Begin PBXVariantGroup section */
		A05375F31EB1637B00645696 /* LaunchScreen.storyboard */ = {
			isa = PBXVariantGroup;
			children = (
				A05375F41EB1637B00645696 /* Base */,
			);
			name = LaunchScreen.storyboard;
			sourceTree = "<group>";
		};
		A05375F51EB1637B00645696 /* Main.storyboard */ = {
			isa = PBXVariantGroup;
			children = (
				A05375F61EB1637B00645696 /* Base */,
			);
			name = Main.storyboard;
			sourceTree = "<group>";
		};
/* End PBXVariantGroup section */

/* Begin XCBuildConfiguration section */
		F829C8F51D9AB57700CDFBD5 /* Debug */ = {
			isa = XCBuildConfiguration;
			buildSettings = {
				ALWAYS_SEARCH_USER_PATHS = NO;
				CLANG_ANALYZER_NONNULL = YES;
				CLANG_CXX_LANGUAGE_STANDARD = "gnu++0x";
				CLANG_CXX_LIBRARY = "libc++";
				CLANG_ENABLE_MODULES = YES;
				CLANG_ENABLE_OBJC_ARC = YES;
				CLANG_WARN_BOOL_CONVERSION = YES;
				CLANG_WARN_CONSTANT_CONVERSION = YES;
				CLANG_WARN_DIRECT_OBJC_ISA_USAGE = YES_ERROR;
				CLANG_WARN_DOCUMENTATION_COMMENTS = YES;
				CLANG_WARN_EMPTY_BODY = YES;
				CLANG_WARN_ENUM_CONVERSION = YES;
				CLANG_WARN_INFINITE_RECURSION = YES;
				CLANG_WARN_INT_CONVERSION = YES;
				CLANG_WARN_OBJC_ROOT_CLASS = YES_ERROR;
				CLANG_WARN_SUSPICIOUS_MOVES = YES;
				CLANG_WARN_UNREACHABLE_CODE = YES;
				CLANG_WARN__DUPLICATE_METHOD_MATCH = YES;
				COPY_PHASE_STRIP = NO;
				DEBUG_INFORMATION_FORMAT = dwarf;
				ENABLE_STRICT_OBJC_MSGSEND = YES;
				ENABLE_TESTABILITY = YES;
				GCC_C_LANGUAGE_STANDARD = gnu99;
				GCC_DYNAMIC_NO_PIC = NO;
				GCC_NO_COMMON_BLOCKS = YES;
				GCC_OPTIMIZATION_LEVEL = 0;
				GCC_PREPROCESSOR_DEFINITIONS = (
					"DEBUG=1",
					"$(inherited)",
				);
				GCC_WARN_64_TO_32_BIT_CONVERSION = YES;
				GCC_WARN_ABOUT_RETURN_TYPE = YES_ERROR;
				GCC_WARN_UNDECLARED_SELECTOR = YES;
				GCC_WARN_UNINITIALIZED_AUTOS = YES_AGGRESSIVE;
				GCC_WARN_UNUSED_FUNCTION = YES;
				GCC_WARN_UNUSED_VARIABLE = YES;
				IPHONEOS_DEPLOYMENT_TARGET = 10.0;
				MTL_ENABLE_DEBUG_INFO = YES;
				ONLY_ACTIVE_ARCH = YES;
				SDKROOT = iphoneos;
				SWIFT_ACTIVE_COMPILATION_CONDITIONS = DEBUG;
				SWIFT_OPTIMIZATION_LEVEL = "-Onone";
			};
			name = Debug;
		};
		F829C8F61D9AB57700CDFBD5 /* Release */ = {
			isa = XCBuildConfiguration;
			buildSettings = {
				ALWAYS_SEARCH_USER_PATHS = NO;
				CLANG_ANALYZER_NONNULL = YES;
				CLANG_CXX_LANGUAGE_STANDARD = "gnu++0x";
				CLANG_CXX_LIBRARY = "libc++";
				CLANG_ENABLE_MODULES = YES;
				CLANG_ENABLE_OBJC_ARC = YES;
				CLANG_WARN_BOOL_CONVERSION = YES;
				CLANG_WARN_CONSTANT_CONVERSION = YES;
				CLANG_WARN_DIRECT_OBJC_ISA_USAGE = YES_ERROR;
				CLANG_WARN_DOCUMENTATION_COMMENTS = YES;
				CLANG_WARN_EMPTY_BODY = YES;
				CLANG_WARN_ENUM_CONVERSION = YES;
				CLANG_WARN_INFINITE_RECURSION = YES;
				CLANG_WARN_INT_CONVERSION = YES;
				CLANG_WARN_OBJC_ROOT_CLASS = YES_ERROR;
				CLANG_WARN_SUSPICIOUS_MOVES = YES;
				CLANG_WARN_UNREACHABLE_CODE = YES;
				CLANG_WARN__DUPLICATE_METHOD_MATCH = YES;
				COPY_PHASE_STRIP = NO;
				DEBUG_INFORMATION_FORMAT = "dwarf-with-dsym";
				ENABLE_NS_ASSERTIONS = NO;
				ENABLE_STRICT_OBJC_MSGSEND = YES;
				GCC_C_LANGUAGE_STANDARD = gnu99;
				GCC_NO_COMMON_BLOCKS = YES;
				GCC_WARN_64_TO_32_BIT_CONVERSION = YES;
				GCC_WARN_ABOUT_RETURN_TYPE = YES_ERROR;
				GCC_WARN_UNDECLARED_SELECTOR = YES;
				GCC_WARN_UNINITIALIZED_AUTOS = YES_AGGRESSIVE;
				GCC_WARN_UNUSED_FUNCTION = YES;
				GCC_WARN_UNUSED_VARIABLE = YES;
				IPHONEOS_DEPLOYMENT_TARGET = 10.0;
				MTL_ENABLE_DEBUG_INFO = NO;
				SDKROOT = iphoneos;
				SWIFT_OPTIMIZATION_LEVEL = "-Owholemodule";
				VALIDATE_PRODUCT = YES;
			};
			name = Release;
		};
		F829C8F81D9AB57700CDFBD5 /* Debug */ = {
			isa = XCBuildConfiguration;
			buildSettings = {
				ASSETCATALOG_COMPILER_APPICON_NAME = AppIcon;
				DEVELOPMENT_TEAM = "";
				INFOPLIST_FILE = "$(SRCROOT)/Simple-Multiparty/Info.plist";
				LD_RUNPATH_SEARCH_PATHS = "$(inherited) @executable_path/Frameworks";
				PRODUCT_BUNDLE_IDENTIFIER = "com.tokbox.--Multi-Party";
				PRODUCT_NAME = "$(TARGET_NAME)";
				SWIFT_VERSION = 3.0;
			};
			name = Debug;
		};
		F829C8F91D9AB57700CDFBD5 /* Release */ = {
			isa = XCBuildConfiguration;
			buildSettings = {
				ASSETCATALOG_COMPILER_APPICON_NAME = AppIcon;
				DEVELOPMENT_TEAM = "";
				INFOPLIST_FILE = "$(SRCROOT)/Simple-Multiparty/Info.plist";
				LD_RUNPATH_SEARCH_PATHS = "$(inherited) @executable_path/Frameworks";
				PRODUCT_BUNDLE_IDENTIFIER = "com.tokbox.--Multi-Party";
				PRODUCT_NAME = "$(TARGET_NAME)";
				SWIFT_VERSION = 3.0;
			};
			name = Release;
		};
/* End XCBuildConfiguration section */

/* Begin XCConfigurationList section */
		F829C8E01D9AB57700CDFBD5 /* Build configuration list for PBXProject "Simple-Multiparty" */ = {
			isa = XCConfigurationList;
			buildConfigurations = (
				F829C8F51D9AB57700CDFBD5 /* Debug */,
				F829C8F61D9AB57700CDFBD5 /* Release */,
			);
			defaultConfigurationIsVisible = 0;
			defaultConfigurationName = Release;
		};
		F829C8F71D9AB57700CDFBD5 /* Build configuration list for PBXNativeTarget "Simple-Multiparty" */ = {
			isa = XCConfigurationList;
			buildConfigurations = (
				F829C8F81D9AB57700CDFBD5 /* Debug */,
				F829C8F91D9AB57700CDFBD5 /* Release */,
			);
			defaultConfigurationIsVisible = 0;
			defaultConfigurationName = Release;
		};
/* End XCConfigurationList section */
	};
	rootObject = F829C8DD1D9AB57700CDFBD5 /* Project object */;
}
