// !$*UTF8*$!
{
	archiveVersion = 1;
	classes = {
	};
	objectVersion = 46;
	objects = {

/* Begin PBXBuildFile section */
		2E6F601517A3E8A7FA6109FD /* Pods_6_Multi_Party.framework in Frameworks */ = {isa = PBXBuildFile; fileRef = 09EB13664B42DD3A21B51BD5 /* Pods_6_Multi_Party.framework */; };
		F829C8E91D9AB57700CDFBD5 /* AppDelegate.swift in Sources */ = {isa = PBXBuildFile; fileRef = F829C8E81D9AB57700CDFBD5 /* AppDelegate.swift */; };
		F829C8EB1D9AB57700CDFBD5 /* ViewController.swift in Sources */ = {isa = PBXBuildFile; fileRef = F829C8EA1D9AB57700CDFBD5 /* ViewController.swift */; };
		F829C8EE1D9AB57700CDFBD5 /* Main.storyboard in Resources */ = {isa = PBXBuildFile; fileRef = F829C8EC1D9AB57700CDFBD5 /* Main.storyboard */; };
		F829C8F01D9AB57700CDFBD5 /* Assets.xcassets in Resources */ = {isa = PBXBuildFile; fileRef = F829C8EF1D9AB57700CDFBD5 /* Assets.xcassets */; };
		F829C8F31D9AB57700CDFBD5 /* LaunchScreen.storyboard in Resources */ = {isa = PBXBuildFile; fileRef = F829C8F11D9AB57700CDFBD5 /* LaunchScreen.storyboard */; };
/* End PBXBuildFile section */

/* Begin PBXFileReference section */
		09EB13664B42DD3A21B51BD5 /* Pods_6_Multi_Party.framework */ = {isa = PBXFileReference; explicitFileType = wrapper.framework; includeInIndex = 0; path = Pods_6_Multi_Party.framework; sourceTree = BUILT_PRODUCTS_DIR; };
		B50DB6AFC327641508FCF275 /* Pods-6.Multi-Party.debug.xcconfig */ = {isa = PBXFileReference; includeInIndex = 1; lastKnownFileType = text.xcconfig; name = "Pods-6.Multi-Party.debug.xcconfig"; path = "../Pods/Target Support Files/Pods-6.Multi-Party/Pods-6.Multi-Party.debug.xcconfig"; sourceTree = "<group>"; };
		C009E71EF9FF57FD122A7502 /* Pods-6.Multi-Party.release.xcconfig */ = {isa = PBXFileReference; includeInIndex = 1; lastKnownFileType = text.xcconfig; name = "Pods-6.Multi-Party.release.xcconfig"; path = "../Pods/Target Support Files/Pods-6.Multi-Party/Pods-6.Multi-Party.release.xcconfig"; sourceTree = "<group>"; };
		F829C8E51D9AB57700CDFBD5 /* 6.Multi-Party.app */ = {isa = PBXFileReference; explicitFileType = wrapper.application; includeInIndex = 0; path = "6.Multi-Party.app"; sourceTree = BUILT_PRODUCTS_DIR; };
		F829C8E81D9AB57700CDFBD5 /* AppDelegate.swift */ = {isa = PBXFileReference; lastKnownFileType = sourcecode.swift; path = AppDelegate.swift; sourceTree = "<group>"; };
		F829C8EA1D9AB57700CDFBD5 /* ViewController.swift */ = {isa = PBXFileReference; lastKnownFileType = sourcecode.swift; path = ViewController.swift; sourceTree = "<group>"; };
		F829C8ED1D9AB57700CDFBD5 /* Base */ = {isa = PBXFileReference; lastKnownFileType = file.storyboard; name = Base; path = Base.lproj/Main.storyboard; sourceTree = "<group>"; };
		F829C8EF1D9AB57700CDFBD5 /* Assets.xcassets */ = {isa = PBXFileReference; lastKnownFileType = folder.assetcatalog; path = Assets.xcassets; sourceTree = "<group>"; };
		F829C8F21D9AB57700CDFBD5 /* Base */ = {isa = PBXFileReference; lastKnownFileType = file.storyboard; name = Base; path = Base.lproj/LaunchScreen.storyboard; sourceTree = "<group>"; };
		F829C8F41D9AB57700CDFBD5 /* Info.plist */ = {isa = PBXFileReference; lastKnownFileType = text.plist.xml; path = Info.plist; sourceTree = "<group>"; };
/* End PBXFileReference section */

/* Begin PBXFrameworksBuildPhase section */
		F829C8E21D9AB57700CDFBD5 /* Frameworks */ = {
			isa = PBXFrameworksBuildPhase;
			buildActionMask = 2147483647;
			files = (
				2E6F601517A3E8A7FA6109FD /* Pods_6_Multi_Party.framework in Frameworks */,
			);
			runOnlyForDeploymentPostprocessing = 0;
		};
/* End PBXFrameworksBuildPhase section */

/* Begin PBXGroup section */
		C86ED7131895479A8FE818EB /* Frameworks */ = {
			isa = PBXGroup;
			children = (
				09EB13664B42DD3A21B51BD5 /* Pods_6_Multi_Party.framework */,
			);
			name = Frameworks;
			sourceTree = "<group>";
		};
		F62B61B62C9E6DFA3D684726 /* Pods */ = {
			isa = PBXGroup;
			children = (
				B50DB6AFC327641508FCF275 /* Pods-6.Multi-Party.debug.xcconfig */,
				C009E71EF9FF57FD122A7502 /* Pods-6.Multi-Party.release.xcconfig */,
			);
			name = Pods;
			sourceTree = "<group>";
		};
		F829C8DC1D9AB57700CDFBD5 = {
			isa = PBXGroup;
			children = (
				F829C8E71D9AB57700CDFBD5 /* 6.Multi-Party */,
				F829C8E61D9AB57700CDFBD5 /* Products */,
				F62B61B62C9E6DFA3D684726 /* Pods */,
				C86ED7131895479A8FE818EB /* Frameworks */,
			);
			sourceTree = "<group>";
		};
		F829C8E61D9AB57700CDFBD5 /* Products */ = {
			isa = PBXGroup;
			children = (
				F829C8E51D9AB57700CDFBD5 /* 6.Multi-Party.app */,
			);
			name = Products;
			sourceTree = "<group>";
		};
		F829C8E71D9AB57700CDFBD5 /* 6.Multi-Party */ = {
			isa = PBXGroup;
			children = (
				F829C8E81D9AB57700CDFBD5 /* AppDelegate.swift */,
				F829C8EA1D9AB57700CDFBD5 /* ViewController.swift */,
				F829C8EC1D9AB57700CDFBD5 /* Main.storyboard */,
				F829C8EF1D9AB57700CDFBD5 /* Assets.xcassets */,
				F829C8F11D9AB57700CDFBD5 /* LaunchScreen.storyboard */,
				F829C8F41D9AB57700CDFBD5 /* Info.plist */,
			);
			path = "6.Multi-Party";
			sourceTree = "<group>";
		};
/* End PBXGroup section */

/* Begin PBXNativeTarget section */
		F829C8E41D9AB57700CDFBD5 /* 6.Multi-Party */ = {
			isa = PBXNativeTarget;
			buildConfigurationList = F829C8F71D9AB57700CDFBD5 /* Build configuration list for PBXNativeTarget "6.Multi-Party" */;
			buildPhases = (
				5FFC3B39EB7D5EF21003A8C2 /* [CP] Check Pods Manifest.lock */,
				F829C8E11D9AB57700CDFBD5 /* Sources */,
				F829C8E21D9AB57700CDFBD5 /* Frameworks */,
				F829C8E31D9AB57700CDFBD5 /* Resources */,
				F8F0D7C9D1FD55597CE5166A /* [CP] Embed Pods Frameworks */,
				FCEF2E2DD7B2C063894B5ADD /* [CP] Copy Pods Resources */,
			);
			buildRules = (
			);
			dependencies = (
			);
			name = "6.Multi-Party";
			productName = "6.Multi-Party";
			productReference = F829C8E51D9AB57700CDFBD5 /* 6.Multi-Party.app */;
			productType = "com.apple.product-type.application";
		};
/* End PBXNativeTarget section */

/* Begin PBXProject section */
		F829C8DD1D9AB57700CDFBD5 /* Project object */ = {
			isa = PBXProject;
			attributes = {
				LastSwiftUpdateCheck = 0800;
				LastUpgradeCheck = 0800;
				ORGANIZATIONNAME = tokbox;
				TargetAttributes = {
					F829C8E41D9AB57700CDFBD5 = {
						CreatedOnToolsVersion = 8.0;
						DevelopmentTeam = "";
						ProvisioningStyle = Manual;
					};
				};
			};
			buildConfigurationList = F829C8E01D9AB57700CDFBD5 /* Build configuration list for PBXProject "6.Multi-Party" */;
			compatibilityVersion = "Xcode 3.2";
			developmentRegion = English;
			hasScannedForEncodings = 0;
			knownRegions = (
				en,
				Base,
			);
			mainGroup = F829C8DC1D9AB57700CDFBD5;
			productRefGroup = F829C8E61D9AB57700CDFBD5 /* Products */;
			projectDirPath = "";
			projectRoot = "";
			targets = (
				F829C8E41D9AB57700CDFBD5 /* 6.Multi-Party */,
			);
		};
/* End PBXProject section */

/* Begin PBXResourcesBuildPhase section */
		F829C8E31D9AB57700CDFBD5 /* Resources */ = {
			isa = PBXResourcesBuildPhase;
			buildActionMask = 2147483647;
			files = (
				F829C8F31D9AB57700CDFBD5 /* LaunchScreen.storyboard in Resources */,
				F829C8F01D9AB57700CDFBD5 /* Assets.xcassets in Resources */,
				F829C8EE1D9AB57700CDFBD5 /* Main.storyboard in Resources */,
			);
			runOnlyForDeploymentPostprocessing = 0;
		};
/* End PBXResourcesBuildPhase section */

/* Begin PBXShellScriptBuildPhase section */
		5FFC3B39EB7D5EF21003A8C2 /* [CP] Check Pods Manifest.lock */ = {
			isa = PBXShellScriptBuildPhase;
			buildActionMask = 2147483647;
			files = (
			);
			inputPaths = (
			);
			name = "[CP] Check Pods Manifest.lock";
			outputPaths = (
			);
			runOnlyForDeploymentPostprocessing = 0;
			shellPath = /bin/sh;
			shellScript = "diff \"${PODS_ROOT}/../Podfile.lock\" \"${PODS_ROOT}/Manifest.lock\" > /dev/null\nif [[ $? != 0 ]] ; then\n    cat << EOM\nerror: The sandbox is not in sync with the Podfile.lock. Run 'pod install' or update your CocoaPods installation.\nEOM\n    exit 1\nfi\n";
			showEnvVarsInLog = 0;
		};
		F8F0D7C9D1FD55597CE5166A /* [CP] Embed Pods Frameworks */ = {
			isa = PBXShellScriptBuildPhase;
			buildActionMask = 2147483647;
			files = (
			);
			inputPaths = (
			);
			name = "[CP] Embed Pods Frameworks";
			outputPaths = (
			);
			runOnlyForDeploymentPostprocessing = 0;
			shellPath = /bin/sh;
			shellScript = "\"${SRCROOT}/../Pods/Target Support Files/Pods-6.Multi-Party/Pods-6.Multi-Party-frameworks.sh\"\n";
			showEnvVarsInLog = 0;
		};
		FCEF2E2DD7B2C063894B5ADD /* [CP] Copy Pods Resources */ = {
			isa = PBXShellScriptBuildPhase;
			buildActionMask = 2147483647;
			files = (
			);
			inputPaths = (
			);
			name = "[CP] Copy Pods Resources";
			outputPaths = (
			);
			runOnlyForDeploymentPostprocessing = 0;
			shellPath = /bin/sh;
			shellScript = "\"${SRCROOT}/../Pods/Target Support Files/Pods-6.Multi-Party/Pods-6.Multi-Party-resources.sh\"\n";
			showEnvVarsInLog = 0;
		};
/* End PBXShellScriptBuildPhase section */

/* Begin PBXSourcesBuildPhase section */
		F829C8E11D9AB57700CDFBD5 /* Sources */ = {
			isa = PBXSourcesBuildPhase;
			buildActionMask = 2147483647;
			files = (
				F829C8EB1D9AB57700CDFBD5 /* ViewController.swift in Sources */,
				F829C8E91D9AB57700CDFBD5 /* AppDelegate.swift in Sources */,
			);
			runOnlyForDeploymentPostprocessing = 0;
		};
/* End PBXSourcesBuildPhase section */

/* Begin PBXVariantGroup section */
		F829C8EC1D9AB57700CDFBD5 /* Main.storyboard */ = {
			isa = PBXVariantGroup;
			children = (
				F829C8ED1D9AB57700CDFBD5 /* Base */,
			);
			name = Main.storyboard;
			sourceTree = "<group>";
		};
		F829C8F11D9AB57700CDFBD5 /* LaunchScreen.storyboard */ = {
			isa = PBXVariantGroup;
			children = (
				F829C8F21D9AB57700CDFBD5 /* Base */,
			);
			name = LaunchScreen.storyboard;
			sourceTree = "<group>";
		};
/* End PBXVariantGroup section */

/* Begin XCBuildConfiguration section */
		F829C8F51D9AB57700CDFBD5 /* Debug */ = {
			isa = XCBuildConfiguration;
			buildSettings = {
				ALWAYS_SEARCH_USER_PATHS = NO;
				CLANG_ANALYZER_NONNULL = YES;
				CLANG_CXX_LANGUAGE_STANDARD = "gnu++0x";
				CLANG_CXX_LIBRARY = "libc++";
				CLANG_ENABLE_MODULES = YES;
				CLANG_ENABLE_OBJC_ARC = YES;
				CLANG_WARN_BOOL_CONVERSION = YES;
				CLANG_WARN_CONSTANT_CONVERSION = YES;
				CLANG_WARN_DIRECT_OBJC_ISA_USAGE = YES_ERROR;
				CLANG_WARN_DOCUMENTATION_COMMENTS = YES;
				CLANG_WARN_EMPTY_BODY = YES;
				CLANG_WARN_ENUM_CONVERSION = YES;
				CLANG_WARN_INFINITE_RECURSION = YES;
				CLANG_WARN_INT_CONVERSION = YES;
				CLANG_WARN_OBJC_ROOT_CLASS = YES_ERROR;
				CLANG_WARN_SUSPICIOUS_MOVES = YES;
				CLANG_WARN_UNREACHABLE_CODE = YES;
				CLANG_WARN__DUPLICATE_METHOD_MATCH = YES;
				COPY_PHASE_STRIP = NO;
				DEBUG_INFORMATION_FORMAT = dwarf;
				ENABLE_STRICT_OBJC_MSGSEND = YES;
				ENABLE_TESTABILITY = YES;
				GCC_C_LANGUAGE_STANDARD = gnu99;
				GCC_DYNAMIC_NO_PIC = NO;
				GCC_NO_COMMON_BLOCKS = YES;
				GCC_OPTIMIZATION_LEVEL = 0;
				GCC_PREPROCESSOR_DEFINITIONS = (
					"DEBUG=1",
					"$(inherited)",
				);
				GCC_WARN_64_TO_32_BIT_CONVERSION = YES;
				GCC_WARN_ABOUT_RETURN_TYPE = YES_ERROR;
				GCC_WARN_UNDECLARED_SELECTOR = YES;
				GCC_WARN_UNINITIALIZED_AUTOS = YES_AGGRESSIVE;
				GCC_WARN_UNUSED_FUNCTION = YES;
				GCC_WARN_UNUSED_VARIABLE = YES;
				IPHONEOS_DEPLOYMENT_TARGET = 10.0;
				MTL_ENABLE_DEBUG_INFO = YES;
				ONLY_ACTIVE_ARCH = YES;
				SDKROOT = iphoneos;
				SWIFT_ACTIVE_COMPILATION_CONDITIONS = DEBUG;
				SWIFT_OPTIMIZATION_LEVEL = "-Onone";
			};
			name = Debug;
		};
		F829C8F61D9AB57700CDFBD5 /* Release */ = {
			isa = XCBuildConfiguration;
			buildSettings = {
				ALWAYS_SEARCH_USER_PATHS = NO;
				CLANG_ANALYZER_NONNULL = YES;
				CLANG_CXX_LANGUAGE_STANDARD = "gnu++0x";
				CLANG_CXX_LIBRARY = "libc++";
				CLANG_ENABLE_MODULES = YES;
				CLANG_ENABLE_OBJC_ARC = YES;
				CLANG_WARN_BOOL_CONVERSION = YES;
				CLANG_WARN_CONSTANT_CONVERSION = YES;
				CLANG_WARN_DIRECT_OBJC_ISA_USAGE = YES_ERROR;
				CLANG_WARN_DOCUMENTATION_COMMENTS = YES;
				CLANG_WARN_EMPTY_BODY = YES;
				CLANG_WARN_ENUM_CONVERSION = YES;
				CLANG_WARN_INFINITE_RECURSION = YES;
				CLANG_WARN_INT_CONVERSION = YES;
				CLANG_WARN_OBJC_ROOT_CLASS = YES_ERROR;
				CLANG_WARN_SUSPICIOUS_MOVES = YES;
				CLANG_WARN_UNREACHABLE_CODE = YES;
				CLANG_WARN__DUPLICATE_METHOD_MATCH = YES;
				COPY_PHASE_STRIP = NO;
				DEBUG_INFORMATION_FORMAT = "dwarf-with-dsym";
				ENABLE_NS_ASSERTIONS = NO;
				ENABLE_STRICT_OBJC_MSGSEND = YES;
				GCC_C_LANGUAGE_STANDARD = gnu99;
				GCC_NO_COMMON_BLOCKS = YES;
				GCC_WARN_64_TO_32_BIT_CONVERSION = YES;
				GCC_WARN_ABOUT_RETURN_TYPE = YES_ERROR;
				GCC_WARN_UNDECLARED_SELECTOR = YES;
				GCC_WARN_UNINITIALIZED_AUTOS = YES_AGGRESSIVE;
				GCC_WARN_UNUSED_FUNCTION = YES;
				GCC_WARN_UNUSED_VARIABLE = YES;
				IPHONEOS_DEPLOYMENT_TARGET = 10.0;
				MTL_ENABLE_DEBUG_INFO = NO;
				SDKROOT = iphoneos;
				SWIFT_OPTIMIZATION_LEVEL = "-Owholemodule";
				VALIDATE_PRODUCT = YES;
			};
			name = Release;
		};
		F829C8F81D9AB57700CDFBD5 /* Debug */ = {
			isa = XCBuildConfiguration;
			baseConfigurationReference = B50DB6AFC327641508FCF275 /* Pods-6.Multi-Party.debug.xcconfig */;
			buildSettings = {
				ASSETCATALOG_COMPILER_APPICON_NAME = AppIcon;
				DEVELOPMENT_TEAM = "";
				INFOPLIST_FILE = "6.Multi-Party/Info.plist";
				LD_RUNPATH_SEARCH_PATHS = "$(inherited) @executable_path/Frameworks";
				PRODUCT_BUNDLE_IDENTIFIER = "com.tokbox.--Multi-Party";
				PRODUCT_NAME = "$(TARGET_NAME)";
				SWIFT_VERSION = 3.0;
			};
			name = Debug;
		};
		F829C8F91D9AB57700CDFBD5 /* Release */ = {
			isa = XCBuildConfiguration;
			baseConfigurationReference = C009E71EF9FF57FD122A7502 /* Pods-6.Multi-Party.release.xcconfig */;
			buildSettings = {
				ASSETCATALOG_COMPILER_APPICON_NAME = AppIcon;
				DEVELOPMENT_TEAM = "";
				INFOPLIST_FILE = "6.Multi-Party/Info.plist";
				LD_RUNPATH_SEARCH_PATHS = "$(inherited) @executable_path/Frameworks";
				PRODUCT_BUNDLE_IDENTIFIER = "com.tokbox.--Multi-Party";
				PRODUCT_NAME = "$(TARGET_NAME)";
				SWIFT_VERSION = 3.0;
			};
			name = Release;
		};
/* End XCBuildConfiguration section */

/* Begin XCConfigurationList section */
		F829C8E01D9AB57700CDFBD5 /* Build configuration list for PBXProject "6.Multi-Party" */ = {
			isa = XCConfigurationList;
			buildConfigurations = (
				F829C8F51D9AB57700CDFBD5 /* Debug */,
				F829C8F61D9AB57700CDFBD5 /* Release */,
			);
			defaultConfigurationIsVisible = 0;
			defaultConfigurationName = Release;
		};
		F829C8F71D9AB57700CDFBD5 /* Build configuration list for PBXNativeTarget "6.Multi-Party" */ = {
			isa = XCConfigurationList;
			buildConfigurations = (
				F829C8F81D9AB57700CDFBD5 /* Debug */,
				F829C8F91D9AB57700CDFBD5 /* Release */,
			);
			defaultConfigurationIsVisible = 0;
			defaultConfigurationName = Release;
		};
/* End XCConfigurationList section */
	};
	rootObject = F829C8DD1D9AB57700CDFBD5 /* Project object */;
}
